{
    "version": 3,
    "terraform_version": "0.11.5",
    "serial": 5,
    "lineage": "c9428b4a-9a58-1aba-de1b-e128e9809e83",
    "modules": [
        {
            "path": [
                "root"
            ],
            "outputs": {
                "gcp_cluster_endpoint": {
                    "sensitive": false,
                    "type": "string",
                    "value": "35.227.68.13"
                },
                "gcp_cluster_name": {
                    "sensitive": false,
                    "type": "string",
                    "value": "terraform-cluster"
                },
                "gcp_ssh_command": {
                    "sensitive": false,
                    "type": "string",
                    "value": "ssh admin@35.227.68.13"
                }
            },
            "resources": {
                "google_container_cluster.gcp_kubernetes": {
                    "type": "google_container_cluster",
                    "depends_on": [],
                    "primary": {
                        "id": "terraform-cluster",
                        "attributes": {
                            "additional_zones.#": "0",
                            "addons_config.#": "1",
                            "addons_config.0.horizontal_pod_autoscaling.#": "0",
                            "addons_config.0.http_load_balancing.#": "0",
                            "addons_config.0.kubernetes_dashboard.#": "0",
                            "addons_config.0.network_policy_config.#": "1",
                            "addons_config.0.network_policy_config.0.disabled": "true",
                            "cluster_ipv4_cidr": "10.60.0.0/14",
                            "description": "",
                            "enable_kubernetes_alpha": "false",
                            "enable_legacy_abac": "false",
                            "endpoint": "35.227.68.13",
                            "id": "terraform-cluster",
                            "initial_node_count": "1",
                            "instance_group_urls.#": "1",
                            "instance_group_urls.0": "https://www.googleapis.com/compute/v1/projects/fmf-labs/zones/us-east1-b/instanceGroups/gke-terraform-cluster-default-pool-e61494f6-grp",
                            "logging_service": "logging.googleapis.com",
                            "master_auth.#": "1",
                            "master_auth.0.client_certificate": "LS0tLS1CRUdJTiBDRVJUSUZJQ0FURS0tLS0tCk1JSUMyakNDQWNLZ0F3SUJBZ0lRRE9RY0xMTWJYWEVQNUdwMFNTM3hkVEFOQmdrcWhraUc5dzBCQVFzRkFEQXYKTVMwd0t3WURWUVFERXlSaE9HTmtaV1k0Tmkxa1l6STNMVFJoWWpjdE9XVTNOUzFpTVRJME9UYzBZV0poT0RNdwpIaGNOTVRnd05EQTVNVGt4TVRVMFdoY05Nak13TkRBNE1Ua3hNVFUwV2pBUk1ROHdEUVlEVlFRREV3WmpiR2xsCmJuUXdnZ0VpTUEwR0NTcUdTSWIzRFFFQkFRVUFBNElCRHdBd2dnRUtBb0lCQVFEQWlOT3JQS3ZiYTkxU2dLM0QKb3Jib3ZsOUVsUjZ5dkdOZ1VhclVoQ1NLaVJEMUxQdUFTK0VXN1I3SG90YnpyNFNzVXNpak9zcHU1SytWTEZDWQppWmllcEZ0OWRuZVJ5R3NDalBxRVcrbVJORDJHRVFuVkRKbk85d3JWWWE5dGt4Sk94TnZ1Sy9PU0ZrZm43dzJXClp3SzU0Y2tLLzk1SC9VNVBlY2cwR0ZiOURJZ0x3NjNGTHY5VW5ZUUdpbG4vNnB6aXVxTC9nVDJvb1lBSmZDQXEKNVYxQ2lIWktmakJxa0s0djlOeHMwQzJ5K0JTZkhQMFp4ZzBmVkZmOEJpazZSQ1ZSU2N3VDU3cW1zNjgxOWJVUQo2RWxRb1FmS1VCUzhVaGJkZllvUkFpeitDdi9CNy9rWGhEaW5YNk5WVklvSWtQNlhML2FNQStEcHNoR2tOQUF1Cjd4cUpBZ01CQUFHakVEQU9NQXdHQTFVZEV3RUIvd1FDTUFBd0RRWUpLb1pJaHZjTkFRRUxCUUFEZ2dFQkFHek4KdnMrWkZ5dkcxaTdBTnFVS3R1TGxnb1dNNUxCcWtjSWx3QmRtT1Fub2RTYjFPbFRkM1EvaTd1a0U1ckJOZ0daMApCREdWc1JKWi95b3BJczh3Rnc4Z25DM1h4cTd2NVlrcG9QSm1qNDA0dzB5dmdEeEVocG1KKzE4YUJMQkpvMm53ClBQZU5tc3U2Y3hjbjdHRkI3dDlOU2Qvc3RXd0IvRGJvYjQ0bWxJMEgvV1FNQ1BUZksxMk16cEVlVUtzTUFlUmcKV21wcVhvSGdNSWRWSHgwWFB6Zmx0aTNkam1RRzl2bTJ6emprbTZydkYxRStMcjljdHFZa09nY0UzRXNBNzJtcworWFk2cWg0SDJ0Nll1Vnc2K04xVy9EdStYLzVMTElGTkR3MDN6UXR6SUNseVNyZzMvN0VScGhaK2loT2xIbXhoCm44UzFhZnk4UFJyYlljN1pHejQ9Ci0tLS0tRU5EIENFUlRJRklDQVRFLS0tLS0K",
                            "master_auth.0.client_key": "LS0tLS1CRUdJTiBSU0EgUFJJVkFURSBLRVktLS0tLQpNSUlFb2dJQkFBS0NBUUVBd0lqVHF6eXIyMnZkVW9DdHc2SzI2TDVmUkpVZXNyeGpZRkdxMUlRa2lva1E5U3o3CmdFdmhGdTBleDZMVzg2K0VyRkxJb3pyS2J1U3ZsU3hRbUltWW5xUmJmWFoza2NockFvejZoRnZwa1RROWhoRUoKMVF5Wnp2Y0sxV0d2YlpNU1RzVGI3aXZ6a2haSDUrOE5sbWNDdWVISkN2L2VSLzFPVDNuSU5CaFcvUXlJQzhPdAp4UzcvVkoyRUJvcFovK3FjNHJxaS80RTlxS0dBQ1h3Z0t1VmRRb2gyU240d2FwQ3VML1RjYk5BdHN2Z1VueHo5CkdjWU5IMVJYL0FZcE9rUWxVVW5NRStlNnByT3ZOZlcxRU9oSlVLRUh5bEFVdkZJVzNYMktFUUlzL2dyL3dlLzUKRjRRNHAxK2pWVlNLQ0pEK2x5LzJqQVBnNmJJUnBEUUFMdThhaVFJREFRQUJBb0lCQUFhRUxqYWRYSkd2c21hagp2VXFoNGt5NVMvSlkrN0htV3BTdjN1cGhCVjJXa1dwMkdQeWZWTlJ5VUVWRzNmQ1MzT1ZnbDMrZm1OM0drRU1xCkpCbGd3VGUySVBTVk5mZ3hkWjZGK3kzUDF2VmtkSXFkTEFPNENsdzV4MExKeGhucUFIcnNuQ2IzWUF5SUErdWMKVy9RUnMzWTRHcFpTMFR3NlVHM25MeXY0TkI4YWpQSTByeVpsY2JETkZ5WkhEbThqUlBuT0dIK1BHT1hISmFQYQpEUGJSMTV6YlZHUUdLY1RLRXBKSm1jQzhPSXJrSHJibkZxR1I1OGQwbFlNUU1LUVhMWUVGM2ZlemVJemZhN3JuCldFbHlzZGI0Z28yREY2QmFGUy8zVnlReHN2UUUxZERGMHNkSExJdWQyVlkyOGFlTitqUndiS25PUi9Sd2lNR20KQUhScXdFc0NnWUVBM2pxcjZaR2V0dVl0Q04rbDNGWE9xbmhzMzlST1JveDNyeG5taksxaEZCT3B0VmIxNzVGZwp0YmsvUVJ2dWZTWGxkVjdZN1loK1NIUEdINDJLNHpEVHlSTFRTcTZWZnNIUC9yS1VHemhDaEJWLzRGd2EyN29YCkV1eGZhN2JBTGEyb3BjTHlNZzFPejdaNVR6VDVQcHFpYUtTZm1Xb3VvVEdZdkpEUEo5MFV5NThDZ1lFQTNjcnoKQmc4WDYwbDVkRldyVURvRXdqaWs5UlE3Y1JJcDBHZTFWaFQyWG5RNnB3amR0K0ZqZVEwWTRabFhjdi9WVXpPNwpSNWdrclR2cmRLa2xjNEF2c2NiOVZWS2tqWXRta1pvOGMwT2dna3QzWm5lVit6N2JRMm41NEs3T05WeEFCZjhyCjV4RXZaT2NSTFB0dEpDZDN6bVVIT240dXB6aFpMZ3R5WEJBUTZOY0NnWUFGM3FEWnkzbll0TjJ0cFZLWkxqOEcKSzZZY2gxd0Y2d0hpUXhuZXoxbUlFVGpqVEVlMHF5OVZ2VzNaUjJhV01hRU01NU50T3JTekx6T2xjN1NlYVpTKwpjOXZXMWlPbXRISE05V1NLRDROYVA4TWY1dTdpck5pZExGY2MzamZYUFFYK1V0YlkwWmNxVDFTRzdneERSZ3hTCkhUOEY2MU1OK09SaTNxUktGa0hOV3dLQmdHY3R1dERleEtuWWpIL3FPc0FmdlliOUF3QmdZU2JBNUdMblhCeW4KczlWTkROd1g2ODFYTlFkamFHZkxCanVoZUlRMFZMT0J1ODQ3U2RZRHVrQjVLYmJ5YzNmMThrZEd5bmlCNEExZgpNSlJzdHljY0N0SE85QUh3a3laTEsvTDI3M0hhdTNuTExOa3NCWGwvbmM1cjdmZytWNWFHalAyTjRTN2lkRmtQCndFNFJBb0dBRENNWWpsZ2w0MGoydStESzhQNGhPUmVickhRRVNRd0VuZmwvempYNTdyeFFTUWhkTTRRNG5sV1oKM2VWVmF4SW0ySWZZNkFFcENFMEx3RkJKYnA2Vlp5eDhvT3RqQXh2WFZoSWJCTWFBaTVPTDFpOCtpQnNPWWJnSApaaEEvK1ZmT1FMRUQzTFpTYit2UXY2Z0xSMHA2UFBLV0FVMnBQbng0NmtDRExpWVVndnc9Ci0tLS0tRU5EIFJTQSBQUklWQVRFIEtFWS0tLS0tCg==",
                            "master_auth.0.cluster_ca_certificate": "LS0tLS1CRUdJTiBDRVJUSUZJQ0FURS0tLS0tCk1JSURDekNDQWZPZ0F3SUJBZ0lRQVlOYnJ3aDRidGt2alBrK3hSaHNOekFOQmdrcWhraUc5dzBCQVFzRkFEQXYKTVMwd0t3WURWUVFERXlSaE9HTmtaV1k0Tmkxa1l6STNMVFJoWWpjdE9XVTNOUzFpTVRJME9UYzBZV0poT0RNdwpIaGNOTVRnd05EQTVNVGd4TVRVeldoY05Nak13TkRBNE1Ua3hNVFV6V2pBdk1TMHdLd1lEVlFRREV5UmhPR05rClpXWTROaTFrWXpJM0xUUmhZamN0T1dVM05TMWlNVEkwT1RjMFlXSmhPRE13Z2dFaU1BMEdDU3FHU0liM0RRRUIKQVFVQUE0SUJEd0F3Z2dFS0FvSUJBUUMzQ25VREtHbzlRajU4aThyYS84THk5OU5CaVl5dnZvSUJSVjI4TFQ5eAo4ZU5VNmVVc1VMVVIxd1B0MlVraUxldmVHTEJRS1ptREY3SGF4RkVkakNjNy96aGV5RUh6emhnMEh6NWpOUEFkCkxzYzcrRG42UDRuZHlRcEIxUFlnQW1CbWtTODdwdEpUZnJoK1F2U1dPTlJwOWtjY205OUxteFNLL25FM2tUU2gKOU9LZTNFVG0vTVIxOEs5NStIeGNUdmNBaEdMRVRhZko4THNLM2hsWUwrTkh4UXlzYjBkMFdjSVdtSTZUZUZRVgpHRmU0NzZ6ZTVuQlpOeFhPT0tvYVVIdUFMTzJCZmJIS1NwdGl3SXRIdXJCcnhiMVJYT3lHRGhiTHNnMVdWNnovClBRcklxbmdiaXlxVmpKS0lRZFNBNzl5QS9BQTIvcnhPU3NUajVVaGR6azNCQWdNQkFBR2pJekFoTUE0R0ExVWQKRHdFQi93UUVBd0lDQkRBUEJnTlZIUk1CQWY4RUJUQURBUUgvTUEwR0NTcUdTSWIzRFFFQkN3VUFBNElCQVFBTwo1SzQ0c29UdGdBNy93bmcvQjBWSVFWbEUwR3Zjc1Rub2FJTjFaRm43d2pGbjQrNWdlZ0lxOEhPK205TG8zRHZ6CkVlMnZVYTY2SVpxV2pDZ0JIYzladjArekptTVpCRzVQd1JqT1J0elNNb2xNVkd6dmY4NG9wa3NxeXVKU2pQY0QKTWN6akpZZnliZURFZGxlOTBrRVdGNTBKNjVsK0dMNEpBYWsxVXZwSjIzdXBML3hFZ01qMnNtbWlEN0dmWlF1Rgo2ZnlXcy9yV0ZmSHhzSmJoZnkwOWpnbXFaWEZHMkRqOHR4bVNuV3IyZFJaQk5WMTVuSURmU1ljM1pqSGwzS05YCkhaeU93YzNsR1ZLdUxadXMxaHFvb0hhUHJObis3aUJoM2VjMjZkK2FaamNWRDhPWUZidVRHUWJsT3NWTEU5L3IKU3NSMHNkYy9RenBpWlBJMm5qaDMKLS0tLS1FTkQgQ0VSVElGSUNBVEUtLS0tLQo=",
                            "master_auth.0.password": "supersecretpassword}",
                            "master_auth.0.username": "admin",
                            "master_ipv4_cidr_block": "",
                            "master_version": "1.8.8-gke.0",
                            "monitoring_service": "monitoring.googleapis.com",
                            "name": "terraform-cluster",
                            "network": "default",
                            "network_policy.#": "0",
                            "node_config.#": "1",
                            "node_config.0.disk_size_gb": "50",
                            "node_config.0.guest_accelerator.#": "0",
                            "node_config.0.image_type": "COS",
                            "node_config.0.labels.%": "1",
                            "node_config.0.labels.this-is-for": "dev-cluster",
                            "node_config.0.local_ssd_count": "0",
                            "node_config.0.machine_type": "g1-small",
                            "node_config.0.metadata.%": "0",
                            "node_config.0.min_cpu_platform": "",
                            "node_config.0.oauth_scopes.#": "4",
                            "node_config.0.oauth_scopes.1277378754": "https://www.googleapis.com/auth/monitoring",
                            "node_config.0.oauth_scopes.1632638332": "https://www.googleapis.com/auth/devstorage.read_only",
                            "node_config.0.oauth_scopes.172152165": "https://www.googleapis.com/auth/logging.write",
                            "node_config.0.oauth_scopes.299962681": "https://www.googleapis.com/auth/compute",
                            "node_config.0.preemptible": "false",
                            "node_config.0.service_account": "default",
                            "node_config.0.tags.#": "2",
                            "node_config.0.tags.0": "dev",
                            "node_config.0.tags.1": "work",
                            "node_config.0.taint.#": "0",
                            "node_config.0.workload_metadata_config.#": "0",
                            "node_pool.#": "1",
                            "node_pool.0.autoscaling.#": "0",
                            "node_pool.0.initial_node_count": "1",
                            "node_pool.0.instance_group_urls.#": "1",
                            "node_pool.0.instance_group_urls.0": "https://www.googleapis.com/compute/v1/projects/fmf-labs/zones/us-east1-b/instanceGroupManagers/gke-terraform-cluster-default-pool-e61494f6-grp",
                            "node_pool.0.management.#": "1",
                            "node_pool.0.management.0.auto_repair": "false",
                            "node_pool.0.management.0.auto_upgrade": "false",
                            "node_pool.0.name": "default-pool",
                            "node_pool.0.name_prefix": "",
                            "node_pool.0.node_config.#": "1",
                            "node_pool.0.node_config.0.disk_size_gb": "50",
                            "node_pool.0.node_config.0.guest_accelerator.#": "0",
                            "node_pool.0.node_config.0.image_type": "COS",
                            "node_pool.0.node_config.0.labels.%": "1",
                            "node_pool.0.node_config.0.labels.this-is-for": "dev-cluster",
                            "node_pool.0.node_config.0.local_ssd_count": "0",
                            "node_pool.0.node_config.0.machine_type": "g1-small",
                            "node_pool.0.node_config.0.metadata.%": "0",
                            "node_pool.0.node_config.0.min_cpu_platform": "",
                            "node_pool.0.node_config.0.oauth_scopes.#": "4",
                            "node_pool.0.node_config.0.oauth_scopes.1277378754": "https://www.googleapis.com/auth/monitoring",
                            "node_pool.0.node_config.0.oauth_scopes.1632638332": "https://www.googleapis.com/auth/devstorage.read_only",
                            "node_pool.0.node_config.0.oauth_scopes.172152165": "https://www.googleapis.com/auth/logging.write",
                            "node_pool.0.node_config.0.oauth_scopes.299962681": "https://www.googleapis.com/auth/compute",
                            "node_pool.0.node_config.0.preemptible": "false",
                            "node_pool.0.node_config.0.service_account": "default",
                            "node_pool.0.node_config.0.tags.#": "2",
                            "node_pool.0.node_config.0.tags.0": "dev",
                            "node_pool.0.node_config.0.tags.1": "work",
                            "node_pool.0.node_config.0.taint.#": "0",
                            "node_pool.0.node_config.0.workload_metadata_config.#": "0",
                            "node_pool.0.node_count": "1",
                            "node_pool.0.version": "1.8.8-gke.0",
                            "node_version": "1.8.8-gke.0",
                            "private_cluster": "false",
                            "project": "fmf-labs",
                            "subnetwork": "default",
                            "zone": "us-east1-b"
                        },
                        "meta": {
                            "e2bfb730-ecaa-11e6-8f88-34363bc7c4c0": {
                                "create": 1800000000000,
                                "delete": 600000000000,
                                "update": 600000000000
                            },
                            "schema_version": "1"
                        },
                        "tainted": false
                    },
                    "deposed": [],
                    "provider": "provider.google"
                }
            },
            "depends_on": []
        }
    ]
}
